
Microsoft Visual Studio Solution File, Format Version 12.00
# Visual Studio Version 17
VisualStudioVersion = 17.5.002.0
MinimumVisualStudioVersion = 10.0.40219.1
Project("{FAE04EC0-301F-11D3-BF4B-00C04F79EFBC}") = "OaHouseAi.Discord.Console", "OaHouseAi.Discord.Console\OaHouseAi.Discord.Console.csproj", "{764948D5-7541-4087-81EE-1B8B68DB590C}"
EndProject
Global
	GlobalSection(SolutionProperties) = preSolution
		HideSolutionNode = FALSE
	EndGlobalSection
	GlobalSection(ExtensibilityGlobals) = postSolution
		SolutionGuid = {E0B36CF6-909F-4212-9C0E-4F7B1788A14B}
	EndGlobalSection
	GlobalSection(SolutionConfigurationPlatforms) = preSolution
		Debug|Any CPU = Debug|Any CPU
		Debug|x64 = Debug|x64
		Debug|x86 = Debug|x86
		Release|Any CPU = Release|Any CPU
		Release|x64 = Release|x64
		Release|x86 = Release|x86
	EndGlobalSection
	GlobalSection(ProjectConfigurationPlatforms) = postSolution
		{764948D5-7541-4087-81EE-1B8B68DB590C}.Debug|Any CPU.ActiveCfg = Debug|Any CPU
		{764948D5-7541-4087-81EE-1B8B68DB590C}.Debug|Any CPU.Build.0 = Debug|Any CPU
		{764948D5-7541-4087-81EE-1B8B68DB590C}.Debug|x64.ActiveCfg = Debug|Any CPU
		{764948D5-7541-4087-81EE-1B8B68DB590C}.Debug|x64.Build.0 = Debug|Any CPU
		{764948D5-7541-4087-81EE-1B8B68DB590C}.Debug|x86.ActiveCfg = Debug|Any CPU
		{764948D5-7541-4087-81EE-1B8B68DB590C}.Debug|x86.Build.0 = Debug|Any CPU
		{764948D5-7541-4087-81EE-1B8B68DB590C}.Release|Any CPU.ActiveCfg = Release|Any CPU
		{764948D5-7541-4087-81EE-1B8B68DB590C}.Release|Any CPU.Build.0 = Release|Any CPU
		{764948D5-7541-4087-81EE-1B8B68DB590C}.Release|x64.ActiveCfg = Release|Any CPU
		{764948D5-7541-4087-81EE-1B8B68DB590C}.Release|x64.Build.0 = Release|Any CPU
		{764948D5-7541-4087-81EE-1B8B68DB590C}.Release|x86.ActiveCfg = Release|Any CPU
		{764948D5-7541-4087-81EE-1B8B68DB590C}.Release|x86.Build.0 = Release|Any CPU
	EndGlobalSection
EndGlobal
